<?xml version="1.0" encoding="utf-8"?>
<Project ToolsVersion="4.0" xmlns="http://schemas.microsoft.com/developer/msbuild/2003">
  <ItemGroup>
    <Filter Include="Source Files">
      <UniqueIdentifier>{4FC737F1-C7A5-4376-A066-2A32D752A2FF}</UniqueIdentifier>
      <Extensions>cpp;c;cc;cxx;def;odl;idl;hpj;bat;asm;asmx</Extensions>
    </Filter>
    <Filter Include="Header Files">
      <UniqueIdentifier>{93995380-89BD-4b04-88EB-625FBE52EBFB}</UniqueIdentifier>
      <Extensions>h;hh;hpp;hxx;hm;inl;inc;xsd</Extensions>
    </Filter>
    <Filter Include="Resource Files">
      <UniqueIdentifier>{67DA6AB6-F800-4c08-8B7A-83BB121AAD01}</UniqueIdentifier>
      <Extensions>rc;ico;cur;bmp;dlg;rc2;rct;bin;rgs;gif;jpg;jpeg;jpe;resx;tiff;tif;png;wav;mfcribbon-ms</Extensions>
    </Filter>
  </ItemGroup>
  <ItemGroup>
    <ClCompile Include="..\Src\ConvertJpegToTiff.cpp">
      <Filter>Source Files</Filter>
    </ClCompile>
    <ClCompile Include="..\Src\CreateSegment.cpp">
      <Filter>Source Files</Filter>
    </ClCompile>
    <ClCompile Include="..\Src\Exception.cpp">
      <Filter>Source Files</Filter>
    </ClCompile>
    <ClCompile Include="..\Src\FileSegment.cpp">
      <Filter>Source Files</Filter>
    </ClCompile>
    <ClCompile Include="..\Src\GetMD5Hash.cpp">
      <Filter>Source Files</Filter>
    </ClCompile>
    <ClCompile Include="..\Src\GraphicsFile.cpp">
      <Filter>Source Files</Filter>
    </ClCompile>
    <ClCompile Include="..\Src\JpegSegments.cpp">
      <Filter>Source Files</Filter>
    </ClCompile>
    <ClCompile Include="..\Src\Main.cpp">
      <Filter>Source Files</Filter>
    </ClCompile>
    <ClCompile Include="..\Src\Md5.c">
      <Filter>Source Files</Filter>
    </ClCompile>
    <ClCompile Include="..\Src\ReadJpegMetadata.cpp">
      <Filter>Source Files</Filter>
    </ClCompile>
    <ClCompile Include="..\Src\TiffDirEntry.cpp">
      <Filter>Source Files</Filter>
    </ClCompile>
    <ClCompile Include="..\Src\TiffSegments.cpp">
      <Filter>Source Files</Filter>
    </ClCompile>
    <ClCompile Include="..\Src\Util.cpp">
      <Filter>Source Files</Filter>
    </ClCompile>
  </ItemGroup>
  <ItemGroup>
    <ClInclude Include="..\Src\ConvertJpegToTiff.h">
      <Filter>Source Files</Filter>
    </ClInclude>
    <ClInclude Include="..\Src\CreateSegment.h">
      <Filter>Source Files</Filter>
    </ClInclude>
    <ClInclude Include="..\Src\Exception.h">
      <Filter>Source Files</Filter>
    </ClInclude>
    <ClInclude Include="..\Src\FileSegment.h">
      <Filter>Source Files</Filter>
    </ClInclude>
    <ClInclude Include="..\Src\GetMD5Hash.h">
      <Filter>Source Files</Filter>
    </ClInclude>
    <ClInclude Include="..\Src\GraphicsFile.h">
      <Filter>Source Files</Filter>
    </ClInclude>
    <ClInclude Include="..\Src\JpegSegments.h">
      <Filter>Source Files</Filter>
    </ClInclude>
    <ClInclude Include="..\Src\Md5.h">
      <Filter>Source Files</Filter>
    </ClInclude>
    <ClInclude Include="..\Src\ReadJpegMetadata.h">
      <Filter>Source Files</Filter>
    </ClInclude>
    <ClInclude Include="..\Src\TiffDirEntry.h">
      <Filter>Source Files</Filter>
    </ClInclude>
    <ClInclude Include="..\Src\TiffSegments.h">
      <Filter>Source Files</Filter>
    </ClInclude>
    <ClInclude Include="..\Src\TiffTags.hxx">
      <Filter>Source Files</Filter>
    </ClInclude>
    <ClInclude Include="..\Src\Util.h">
      <Filter>Source Files</Filter>
    </ClInclude>
  </ItemGroup>
</Project>